
Microsoft Visual Studio Solution File, Format Version 12.00
# Visual Studio Version 16
VisualStudioVersion = 16.0.31729.503
MinimumVisualStudioVersion = 10.0.40219.1
Project("{FAE04EC0-301F-11D3-BF4B-00C04F79EFBC}") = "IdentityMongoDBAPI", "D:\IdentityMongoDBAPI\IdentityMongoDBAPI\IdentityMongoDBAPI.csproj", "{8FEB6705-D6D7-4C78-8EF0-520208D9E5F9}"
EndProject
Global
	GlobalSection(SolutionConfigurationPlatforms) = preSolution
		Debug|Any CPU = Debug|Any CPU
		Release|Any CPU = Release|Any CPU
	EndGlobalSection
	GlobalSection(ProjectConfigurationPlatforms) = postSolution
		{8FEB6705-D6D7-4C78-8EF0-520208D9E5F9}.Debug|Any CPU.ActiveCfg = Debug|Any CPU
		{8FEB6705-D6D7-4C78-8EF0-520208D9E5F9}.Debug|Any CPU.Build.0 = Debug|Any CPU
		{8FEB6705-D6D7-4C78-8EF0-520208D9E5F9}.Release|Any CPU.ActiveCfg = Release|Any CPU
		{8FEB6705-D6D7-4C78-8EF0-520208D9E5F9}.Release|Any CPU.Build.0 = Release|Any CPU
	EndGlobalSection
	GlobalSection(SolutionProperties) = preSolution
		HideSolutionNode = FALSE
	EndGlobalSection
	GlobalSection(ExtensibilityGlobals) = postSolution
		SolutionGuid = {8229F77C-85C9-4202-9D79-31F8EB682D18}
	EndGlobalSection
EndGlobal
